
Microsoft Visual Studio Solution File, Format Version 12.00
# Visual Studio Version 16
VisualStudioVersion = 16.0.29519.87
MinimumVisualStudioVersion = 10.0.40219.1
Project("{FAE04EC0-301F-11D3-BF4B-00C04F79EFBC}") = "WebAppAkabePazarlamaTwo", "WebAppAkabePazarlamaTwo.csproj", "{05544508-3AC0-4FE1-B6FF-115279D53FF2}"
EndProject
Global
	GlobalSection(SolutionConfigurationPlatforms) = preSolution
		Debug|Any CPU = Debug|Any CPU
		Release|Any CPU = Release|Any CPU
	EndGlobalSection
	GlobalSection(ProjectConfigurationPlatforms) = postSolution
		{05544508-3AC0-4FE1-B6FF-115279D53FF2}.Debug|Any CPU.ActiveCfg = Debug|Any CPU
		{05544508-3AC0-4FE1-B6FF-115279D53FF2}.Debug|Any CPU.Build.0 = Debug|Any CPU
		{05544508-3AC0-4FE1-B6FF-115279D53FF2}.Release|Any CPU.ActiveCfg = Release|Any CPU
		{05544508-3AC0-4FE1-B6FF-115279D53FF2}.Release|Any CPU.Build.0 = Release|Any CPU
	EndGlobalSection
	GlobalSection(SolutionProperties) = preSolution
		HideSolutionNode = FALSE
	EndGlobalSection
	GlobalSection(ExtensibilityGlobals) = postSolution
		SolutionGuid = {3BCC9BFF-1739-4A95-9664-815314D85885}
	EndGlobalSection
EndGlobal
