
Microsoft Visual Studio Solution File, Format Version 12.00
# Visual Studio Version 16
VisualStudioVersion = 16.0.29509.3
MinimumVisualStudioVersion = 10.0.40219.1
Project("{FAE04EC0-301F-11D3-BF4B-00C04F79EFBC}") = "WebAppAkabePazarlama", "WebAppAkabePazarlama.csproj", "{C195CC80-F580-4A37-9F6A-F57A648FFA6E}"
EndProject
Global
	GlobalSection(SolutionConfigurationPlatforms) = preSolution
		Debug|Any CPU = Debug|Any CPU
		Release|Any CPU = Release|Any CPU
	EndGlobalSection
	GlobalSection(ProjectConfigurationPlatforms) = postSolution
		{C195CC80-F580-4A37-9F6A-F57A648FFA6E}.Debug|Any CPU.ActiveCfg = Debug|Any CPU
		{C195CC80-F580-4A37-9F6A-F57A648FFA6E}.Debug|Any CPU.Build.0 = Debug|Any CPU
		{C195CC80-F580-4A37-9F6A-F57A648FFA6E}.Release|Any CPU.ActiveCfg = Release|Any CPU
		{C195CC80-F580-4A37-9F6A-F57A648FFA6E}.Release|Any CPU.Build.0 = Release|Any CPU
	EndGlobalSection
	GlobalSection(SolutionProperties) = preSolution
		HideSolutionNode = FALSE
	EndGlobalSection
	GlobalSection(ExtensibilityGlobals) = postSolution
		SolutionGuid = {48DD95C2-CA29-4F16-B521-23853661B9D1}
	EndGlobalSection
EndGlobal
